
Microsoft Visual Studio Solution File, Format Version 12.00
# Visual Studio 14
VisualStudioVersion = 14.0.25420.1
MinimumVisualStudioVersion = 10.0.40219.1
Project("{2150E333-8FDC-42A3-9474-1A3956D46DE8}") = "src", "src", "{BA4FBACB-5479-479C-A366-DAF82D32F8B4}"
	ProjectSection(SolutionItems) = preProject
		README.MD = README.MD
	EndProjectSection
EndProject
Project("{2150E333-8FDC-42A3-9474-1A3956D46DE8}") = "Solution Items", "Solution Items", "{21F99A3D-F163-4CA2-934E-9C9086BCDC15}"
	ProjectSection(SolutionItems) = preProject
		global.json = global.json
	EndProjectSection
EndProject
Project("{8BB2217D-0F2D-49D1-97BC-3654ED321F3B}") = "VSNancyDemo", "src\VSNancyDemo\VSNancyDemo.xproj", "{5E9CDF51-37A4-4971-8095-7CCBC7394A4F}"
EndProject
Global
	GlobalSection(SolutionConfigurationPlatforms) = preSolution
		Debug|Any CPU = Debug|Any CPU
		Release|Any CPU = Release|Any CPU
	EndGlobalSection
	GlobalSection(ProjectConfigurationPlatforms) = postSolution
		{5E9CDF51-37A4-4971-8095-7CCBC7394A4F}.Debug|Any CPU.ActiveCfg = Debug|Any CPU
		{5E9CDF51-37A4-4971-8095-7CCBC7394A4F}.Debug|Any CPU.Build.0 = Debug|Any CPU
		{5E9CDF51-37A4-4971-8095-7CCBC7394A4F}.Release|Any CPU.ActiveCfg = Release|Any CPU
		{5E9CDF51-37A4-4971-8095-7CCBC7394A4F}.Release|Any CPU.Build.0 = Release|Any CPU
	EndGlobalSection
	GlobalSection(SolutionProperties) = preSolution
		HideSolutionNode = FALSE
	EndGlobalSection
	GlobalSection(NestedProjects) = preSolution
		{5E9CDF51-37A4-4971-8095-7CCBC7394A4F} = {BA4FBACB-5479-479C-A366-DAF82D32F8B4}
	EndGlobalSection
EndGlobal
